{
  "nodes": {
    "flake-compat": {
      "flake": false,
      "locked": {
        "lastModified": 1606424373,
        "narHash": "sha256-oq8d4//CJOrVj+EcOaSXvMebvuTkmBJuT5tzlfewUnQ=",
        "owner": "edolstra",
        "repo": "flake-compat",
        "rev": "99f1c2157fba4bfe6211a321fd0ee43199025dbf",
        "type": "github"
      },
      "original": {
        "owner": "edolstra",
        "repo": "flake-compat",
        "type": "github"
      }
    },
    "flake-utils": {
      "locked": {
        "lastModified": 1620759905,
        "narHash": "sha256-WiyWawrgmyN0EdmiHyG2V+fqReiVi8bM9cRdMaKQOFg=",
        "owner": "numtide",
        "repo": "flake-utils",
        "rev": "b543720b25df6ffdfcf9227afafc5b8c1fabfae8",
        "type": "github"
      },
      "original": {
        "owner": "numtide",
        "repo": "flake-utils",
        "type": "github"
      }
    },
    "flake-utils_10": {
      "locked": {
        "lastModified": 1610051610,
        "narHash": "sha256-U9rPz/usA1/Aohhk7Cmc2gBrEEKRzcW4nwPWMPwja4Y=",
        "owner": "numtide",
        "repo": "flake-utils",
        "rev": "3982c9903e93927c2164caa727cd3f6a0e6d14cc",
        "type": "github"
      },
      "original": {
        "owner": "numtide",
        "repo": "flake-utils",
        "type": "github"
      }
    },
    "flake-utils_11": {
      "locked": {
        "lastModified": 1610051610,
        "narHash": "sha256-U9rPz/usA1/Aohhk7Cmc2gBrEEKRzcW4nwPWMPwja4Y=",
        "owner": "numtide",
        "repo": "flake-utils",
        "rev": "3982c9903e93927c2164caa727cd3f6a0e6d14cc",
        "type": "github"
      },
      "original": {
        "owner": "numtide",
        "repo": "flake-utils",
        "type": "github"
      }
    },
    "flake-utils_12": {
      "locked": {
        "lastModified": 1610051610,
        "narHash": "sha256-U9rPz/usA1/Aohhk7Cmc2gBrEEKRzcW4nwPWMPwja4Y=",
        "owner": "numtide",
        "repo": "flake-utils",
        "rev": "3982c9903e93927c2164caa727cd3f6a0e6d14cc",
        "type": "github"
      },
      "original": {
        "owner": "numtide",
        "repo": "flake-utils",
        "type": "github"
      }
    },
    "flake-utils_2": {
      "locked": {
        "lastModified": 1618868421,
        "narHash": "sha256-vyoJhLV6cJ8/tWz+l9HZLIkb9Rd9esE7p+0RL6zDR6Y=",
        "owner": "numtide",
        "repo": "flake-utils",
        "rev": "eed214942bcfb3a8cc09eb3b28ca7d7221e44a94",
        "type": "github"
      },
      "original": {
        "owner": "numtide",
        "repo": "flake-utils",
        "type": "github"
      }
    },
    "flake-utils_3": {
      "locked": {
        "lastModified": 1610051610,
        "narHash": "sha256-U9rPz/usA1/Aohhk7Cmc2gBrEEKRzcW4nwPWMPwja4Y=",
        "owner": "numtide",
        "repo": "flake-utils",
        "rev": "3982c9903e93927c2164caa727cd3f6a0e6d14cc",
        "type": "github"
      },
      "original": {
        "owner": "numtide",
        "repo": "flake-utils",
        "type": "github"
      }
    },
    "flake-utils_4": {
      "locked": {
        "lastModified": 1629481132,
        "narHash": "sha256-JHgasjPR0/J1J3DRm4KxM4zTyAj4IOJY8vIl75v/kPI=",
        "owner": "numtide",
        "repo": "flake-utils",
        "rev": "997f7efcb746a9c140ce1f13c72263189225f482",
        "type": "github"
      },
      "original": {
        "owner": "numtide",
        "repo": "flake-utils",
        "type": "github"
      }
    },
    "flake-utils_5": {
      "locked": {
        "lastModified": 1614513358,
        "narHash": "sha256-LakhOx3S1dRjnh0b5Dg3mbZyH0ToC9I8Y2wKSkBaTzU=",
        "owner": "numtide",
        "repo": "flake-utils",
        "rev": "5466c5bbece17adaab2d82fae80b46e807611bf3",
        "type": "github"
      },
      "original": {
        "owner": "numtide",
        "repo": "flake-utils",
        "type": "github"
      }
    },
    "flake-utils_6": {
      "locked": {
        "lastModified": 1622445595,
        "narHash": "sha256-m+JRe6Wc5OZ/mKw2bB3+Tl0ZbtyxxxfnAWln8Q5qs+Y=",
        "owner": "numtide",
        "repo": "flake-utils",
        "rev": "7d706970d94bc5559077eb1a6600afddcd25a7c8",
        "type": "github"
      },
      "original": {
        "owner": "numtide",
        "repo": "flake-utils",
        "type": "github"
      }
    },
    "flake-utils_7": {
      "locked": {
        "lastModified": 1610051610,
        "narHash": "sha256-U9rPz/usA1/Aohhk7Cmc2gBrEEKRzcW4nwPWMPwja4Y=",
        "owner": "numtide",
        "repo": "flake-utils",
        "rev": "3982c9903e93927c2164caa727cd3f6a0e6d14cc",
        "type": "github"
      },
      "original": {
        "owner": "numtide",
        "repo": "flake-utils",
        "type": "github"
      }
    },
    "flake-utils_8": {
      "locked": {
        "lastModified": 1610051610,
        "narHash": "sha256-U9rPz/usA1/Aohhk7Cmc2gBrEEKRzcW4nwPWMPwja4Y=",
        "owner": "numtide",
        "repo": "flake-utils",
        "rev": "3982c9903e93927c2164caa727cd3f6a0e6d14cc",
        "type": "github"
      },
      "original": {
        "owner": "numtide",
        "repo": "flake-utils",
        "type": "github"
      }
    },
    "flake-utils_9": {
      "locked": {
        "lastModified": 1614513358,
        "narHash": "sha256-LakhOx3S1dRjnh0b5Dg3mbZyH0ToC9I8Y2wKSkBaTzU=",
        "owner": "numtide",
        "repo": "flake-utils",
        "rev": "5466c5bbece17adaab2d82fae80b46e807611bf3",
        "type": "github"
      },
      "original": {
        "owner": "numtide",
        "repo": "flake-utils",
        "type": "github"
      }
    },
    "hm": {
      "inputs": {
        "nixpkgs": [
          "nixpkgs-teto"
        ]
      },
      "locked": {
        "lastModified": 1626826788,
        "narHash": "sha256-aQ3fY7W+Mct1HDSKx67a4xb7qGo8zmWwe/OJ7Pw8UO8=",
        "owner": "teto",
        "repo": "home-manager",
        "rev": "7869174d80b20806c377ec0177a87d5871df45a5",
        "type": "github"
      },
      "original": {
        "owner": "teto",
        "ref": "scratch",
        "repo": "home-manager",
        "type": "github"
      }
    },
    "hm_2": {
      "inputs": {
        "nixpkgs": [
          "nixpkgs-teto"
        ]
      },
      "locked": {
        "lastModified": 1622589899,
        "narHash": "sha256-y9cGxs22V+AiU7W7bcLvV1ljESjHPf9EId61qrYotC4=",
        "owner": "nix-community",
        "repo": "home-manager",
        "rev": "cb227dc6c29eb4f768d04958f4fe6d9d3d4aba46",
        "type": "github"
      },
      "original": {
        "owner": "nix-community",
        "repo": "home-manager",
        "type": "github"
      }
    },
    "jinko-sdk": {
      "inputs": {
        "flake-utils": "flake-utils_7",
        "nixpkgs": "nixpkgs_5",
        "poetry": "poetry_2"
      },
      "locked": {
        "lastModified": 1622625540,
        "narHash": "sha256-yeQTjy3v1fDsTNjtgouVMAyNir0YPjF3x6MtdWuklMQ=",
        "ref": "dev",
        "rev": "816fb8be11bc83d40f402fa8f10a7ff67c04afeb",
        "revCount": 399,
        "type": "git",
        "url": "ssh://git@git.novadiscovery.net:4224/jinko/jinko-sdk.git"
      },
      "original": {
        "ref": "dev",
        "type": "git",
        "url": "ssh://git@git.novadiscovery.net:4224/jinko/jinko-sdk.git"
      }
    },
    "mptcp-flake": {
      "inputs": {
        "flake-utils": "flake-utils",
        "mptcpanalyzer-python": "mptcpanalyzer-python",
        "nixpkgs": "nixpkgs_3"
      },
      "locked": {
        "lastModified": 1622761883,
        "narHash": "sha256-ndnfWxLLo91I8GVXeg5qLc+yZLe6/TeTmEcXMZVPPnQ=",
        "owner": "teto",
        "repo": "mptcp-flake",
        "rev": "70822f7e0a978a029b23d738bb54029fd1e5423f",
        "type": "github"
      },
      "original": {
        "owner": "teto",
        "repo": "mptcp-flake",
        "type": "github"
      }
    },
    "mptcpanalyzer-python": {
      "inputs": {
        "flake-utils": "flake-utils_2",
        "nixpkgs": "nixpkgs",
        "poetry": "poetry"
      },
      "locked": {
        "lastModified": 1621691541,
        "narHash": "sha256-1eZku7658t1jQfHCc0uQOOXNaWJdJnuGeGChT6MyzUE=",
        "owner": "teto",
        "repo": "mptcpanalyzer",
        "rev": "c24336d57faf6d534f40e7ff443b111fb26ffde2",
        "type": "github"
      },
      "original": {
        "owner": "teto",
        "repo": "mptcpanalyzer",
        "type": "github"
      }
    },
    "neovim": {
      "inputs": {
        "flake-utils": "flake-utils_4",
        "nixpkgs": [
          "nixpkgs-teto"
        ]
      },
      "locked": {
        "dir": "contrib",
        "lastModified": 1631113215,
        "narHash": "sha256-OpVLbtk5gna0g1H8VjACtsFWV/Tk1pM1+4B6uBX91k0=",
        "owner": "neovim",
        "repo": "neovim",
        "rev": "c1f573fbc94aecd0f5841f7eb671be1a0a29758c",
        "type": "github"
      },
      "original": {
        "dir": "contrib",
        "owner": "neovim",
        "repo": "neovim",
        "type": "github"
      }
    },
    "nix-update": {
      "inputs": {
        "flake-utils": "flake-utils_5",
        "nixpkgs": "nixpkgs_4"
      },
      "locked": {
        "lastModified": 1630558620,
        "narHash": "sha256-whLLG6gniLE5eH7igvkkmq7ZYl1cKhF0HoPFF/Jk7T4=",
        "owner": "Mic92",
        "repo": "nix-update",
        "rev": "70bdf762e5be36ddea70234daa0d476fea0498ff",
        "type": "github"
      },
      "original": {
        "owner": "Mic92",
        "repo": "nix-update",
        "type": "github"
      }
    },
    "nixpkgs": {
      "locked": {
        "lastModified": 1619057301,
        "narHash": "sha256-1Y1nCnwGSQHM76KGIhz+8tOAGOT3wlP+dKjwoyQXCtg=",
        "owner": "nixos",
        "repo": "nixpkgs",
        "rev": "d235056d6d6dcbd2999bd55fd120d831d4df6304",
        "type": "github"
      },
      "original": {
        "owner": "nixos",
        "ref": "nixos-unstable",
        "repo": "nixpkgs",
        "type": "github"
      }
    },
    "nixpkgs-teto": {
      "locked": {
        "lastModified": 1623075072,
        "narHash": "sha256-nahXuhOe+4UYdZ4n/9iOu2ocM9jYF1tZ3gbQqrzYGhA=",
        "owner": "teto",
        "repo": "nixpkgs",
        "rev": "105afa3ae77e0f7fd89f1a0b8689acfefff2d6e3",
        "type": "github"
      },
      "original": {
        "owner": "teto",
        "ref": "nixos-unstable",
        "repo": "nixpkgs",
        "type": "github"
      }
    },
    "nixpkgs_10": {
      "locked": {
        "lastModified": 1613582597,
        "narHash": "sha256-6LvipIvFuhyorHpUqK3HjySC5Y6gshXHFBhU9EJ4DoM=",
        "owner": "nixos",
        "repo": "nixpkgs",
        "rev": "6b1057b452c55bb3b463f0d7055bc4ec3fd1f381",
        "type": "github"
      },
      "original": {
        "owner": "nixos",
        "ref": "nixos-unstable",
        "repo": "nixpkgs",
        "type": "github"
      }
    },
    "nixpkgs_11": {
      "locked": {
        "lastModified": 1610729867,
        "narHash": "sha256-bk/SBaBLqZX/PEqal27DMQwAHHl0dcZMp8NNksQr80s=",
        "owner": "NixOS",
        "repo": "nixpkgs",
        "rev": "04af07c659c6723a2259bb6bc00a47ec53330f20",
        "type": "github"
      },
      "original": {
        "owner": "NixOS",
        "repo": "nixpkgs",
        "type": "github"
      }
    },
    "nixpkgs_2": {
      "locked": {
        "lastModified": 1610729867,
        "narHash": "sha256-bk/SBaBLqZX/PEqal27DMQwAHHl0dcZMp8NNksQr80s=",
        "owner": "NixOS",
        "repo": "nixpkgs",
        "rev": "04af07c659c6723a2259bb6bc00a47ec53330f20",
        "type": "github"
      },
      "original": {
        "owner": "NixOS",
        "repo": "nixpkgs",
        "type": "github"
      }
    },
    "nixpkgs_3": {
      "locked": {
        "lastModified": 1621840840,
        "narHash": "sha256-o6h6+d5ZwrFmOTe+ma9s1Z9kyHsCW1C84IA8RZ9/fIU=",
        "owner": "nixos",
        "repo": "nixpkgs",
        "rev": "ea7d4aa9b8225abd6147339f0d56675d6f1f0fd1",
        "type": "github"
      },
      "original": {
        "owner": "nixos",
        "ref": "nixos-unstable",
        "repo": "nixpkgs",
        "type": "github"
      }
    },
    "nixpkgs_4": {
      "locked": {
        "lastModified": 1617519343,
        "narHash": "sha256-WBLhtXFEyPXMEMg0c8NUf7p7JmEGlJ6i+x/LWvaoHx4=",
        "owner": "NixOS",
        "repo": "nixpkgs",
        "rev": "db23e436b273855043fbad6097d6c45dbb37d035",
        "type": "github"
      },
      "original": {
        "owner": "NixOS",
        "repo": "nixpkgs",
        "type": "github"
      }
    },
    "nixpkgs_5": {
      "locked": {
        "lastModified": 1613226215,
        "narHash": "sha256-3rA5cGIrBHD6yeKhNhsF7/t461ww25oJY8KyBb0IhjU=",
        "owner": "nixos",
        "repo": "nixpkgs",
        "rev": "ff96a0fa5635770390b184ae74debea75c3fd534",
        "type": "github"
      },
      "original": {
        "owner": "nixos",
        "ref": "nixos-unstable",
        "repo": "nixpkgs",
        "type": "github"
      }
    },
    "nixpkgs_6": {
      "locked": {
        "lastModified": 1610729867,
        "narHash": "sha256-bk/SBaBLqZX/PEqal27DMQwAHHl0dcZMp8NNksQr80s=",
        "owner": "NixOS",
        "repo": "nixpkgs",
        "rev": "04af07c659c6723a2259bb6bc00a47ec53330f20",
        "type": "github"
      },
      "original": {
        "owner": "NixOS",
        "repo": "nixpkgs",
        "type": "github"
      }
    },
    "nixpkgs_7": {
      "locked": {
        "lastModified": 1622282707,
        "narHash": "sha256-+GOrUDsdneUqrOm9d+9bHXjEVoVcU8tm14WGVzbt6gg=",
        "owner": "nixos",
        "repo": "nixpkgs",
        "rev": "6933d068c5d2fcff398e802f7c4e271bbdab6705",
        "type": "github"
      },
      "original": {
        "owner": "nixos",
        "ref": "nixos-unstable",
        "repo": "nixpkgs",
        "type": "github"
      }
    },
    "nixpkgs_8": {
      "locked": {
        "lastModified": 1617082367,
        "narHash": "sha256-W0cQPGjc4IVzryaGycuoS8KZkXafS1P23w/fcKLoD5Y=",
        "owner": "nixos",
        "repo": "nixpkgs",
        "rev": "04a2b269d8921505a2969fc9ec25c1f517f2b307",
        "type": "github"
      },
      "original": {
        "owner": "nixos",
        "ref": "nixos-unstable",
        "repo": "nixpkgs",
        "type": "github"
      }
    },
    "nixpkgs_9": {
      "locked": {
        "lastModified": 1610729867,
        "narHash": "sha256-bk/SBaBLqZX/PEqal27DMQwAHHl0dcZMp8NNksQr80s=",
        "owner": "NixOS",
        "repo": "nixpkgs",
        "rev": "04af07c659c6723a2259bb6bc00a47ec53330f20",
        "type": "github"
      },
      "original": {
        "owner": "NixOS",
        "repo": "nixpkgs",
        "type": "github"
      }
    },
    "nova": {
      "inputs": {
        "flake-compat": "flake-compat",
        "flake-utils": "flake-utils_6",
        "hm": "hm_2",
        "jinko-sdk": "jinko-sdk",
        "nixpkgs": "nixpkgs_7",
        "novops": "novops",
        "nur": "nur",
        "shiny": "shiny"
      },
      "locked": {
        "lastModified": 1624636386,
        "narHash": "sha256-XaLoqwU7jgOSsCbH3DB6EJaLSsRQhSBAzkZFaaZoHBg=",
        "ref": "master",
        "rev": "27f46f1f9105452bc9df5a8b5eccc338c209f20c",
        "revCount": 9,
        "type": "git",
        "url": "ssh://git@git.novadiscovery.net/world/nova-nix.git"
      },
      "original": {
        "ref": "master",
        "type": "git",
        "url": "ssh://git@git.novadiscovery.net/world/nova-nix.git"
      }
    },
    "novops": {
      "inputs": {
        "flake-utils": "flake-utils_9",
        "nixpkgs": "nixpkgs_8",
        "poetry": "poetry_3"
      },
      "locked": {
        "lastModified": 1622561909,
        "narHash": "sha256-gAjFBEpaSmsHognEJOsVzCc+ahNuc4rDCGW235mcIHs=",
        "ref": "master",
        "rev": "fc904acf97d3ef786ae74bf84e5ae10fa912f4ed",
        "revCount": 140,
        "type": "git",
        "url": "ssh://git@git.novadiscovery.net:4224/world/docker/gitops.git"
      },
      "original": {
        "type": "git",
        "url": "ssh://git@git.novadiscovery.net:4224/world/docker/gitops.git"
      }
    },
    "nur": {
      "locked": {
        "lastModified": 1622607175,
        "narHash": "sha256-kmqesv8FIAAiH6YcYZUdT7X38v4r34IggSGBdzgSHnk=",
        "owner": "nix-community",
        "repo": "NUR",
        "rev": "57e32d3d8923ade143426ccf1bfbcf4f52f34975",
        "type": "github"
      },
      "original": {
        "owner": "nix-community",
        "repo": "NUR",
        "type": "github"
      }
    },
    "nur_2": {
      "locked": {
        "lastModified": 1623084550,
        "narHash": "sha256-UjLPEZoaSwh0tYTh6h5AW0XqXpg7ovvJ9y62zDqH7rE=",
        "owner": "nix-community",
        "repo": "NUR",
        "rev": "b423dda5bed7915af53bad370240bcf4aca24a04",
        "type": "github"
      },
      "original": {
        "owner": "nix-community",
        "repo": "NUR",
        "type": "github"
      }
    },
    "poetry": {
      "inputs": {
        "flake-utils": "flake-utils_3",
        "nixpkgs": "nixpkgs_2"
      },
      "locked": {
        "lastModified": 1619051865,
        "narHash": "sha256-Hw7sfKzv7pC5lOXt+QNTYm4RecUNIGogoc5tibx6xlM=",
        "owner": "nix-community",
        "repo": "poetry2nix",
        "rev": "f0dde911f6e9aaf4fc72258d2c5645d9ff552bd0",
        "type": "github"
      },
      "original": {
        "owner": "nix-community",
        "repo": "poetry2nix",
        "type": "github"
      }
    },
    "poetry_2": {
      "inputs": {
        "flake-utils": "flake-utils_8",
        "nixpkgs": "nixpkgs_6"
      },
      "locked": {
        "lastModified": 1613318335,
        "narHash": "sha256-mfLc9OsIWHHDib+vVRqT2oBZnISsgZre8RjpwDtNOgc=",
        "owner": "nix-community",
        "repo": "poetry2nix",
        "rev": "e3c3e14e99ca3d573ef84644754a0daa97803e3e",
        "type": "github"
      },
      "original": {
        "owner": "nix-community",
        "repo": "poetry2nix",
        "type": "github"
      }
    },
    "poetry_3": {
      "inputs": {
        "flake-utils": "flake-utils_10",
        "nixpkgs": "nixpkgs_9"
      },
      "locked": {
        "lastModified": 1617110670,
        "narHash": "sha256-+GoJjy1Hlpvs2dFjxJsWHur4Jb8gT0Lig3y2MwRn3cI=",
        "owner": "nix-community",
        "repo": "poetry2nix",
        "rev": "19bfde46bb9ba980142f2ca99268ef14df8cad5c",
        "type": "github"
      },
      "original": {
        "owner": "nix-community",
        "repo": "poetry2nix",
        "type": "github"
      }
    },
    "poetry_4": {
      "inputs": {
        "flake-utils": "flake-utils_12",
        "nixpkgs": "nixpkgs_11"
      },
      "locked": {
        "lastModified": 1622600459,
        "narHash": "sha256-ArBi7xfOvW50oeaBziqZAVD4qtMd7RTvhmjvNy4mYvE=",
        "owner": "nix-community",
        "repo": "poetry2nix",
        "rev": "a402a0bf5d6456eb7827bdca0a9ecd59d7324b76",
        "type": "github"
      },
      "original": {
        "owner": "nix-community",
        "repo": "poetry2nix",
        "type": "github"
      }
    },
    "root": {
      "inputs": {
        "hm": "hm",
        "mptcp-flake": "mptcp-flake",
        "neovim": "neovim",
        "nix-update": "nix-update",
        "nixpkgs-teto": "nixpkgs-teto",
        "nova": "nova",
        "nur": "nur_2",
        "poetry": "poetry_4",
        "unstable": "unstable"
      }
    },
    "shiny": {
      "inputs": {
        "flake-utils": "flake-utils_11",
        "nixpkgs": "nixpkgs_10"
      },
      "locked": {
        "lastModified": 1622623729,
        "narHash": "sha256-4NgdJhD0UP8/ATgrJk4F/qBdcw0GLNIoBJmkAK5864I=",
        "ref": "flake",
        "rev": "7a76691c10caae9fafd7578d9f73d2777f4304b6",
        "revCount": 976,
        "type": "git",
        "url": "ssh://git@git.novadiscovery.net:4224/jinko/jinko-shiny.git"
      },
      "original": {
        "ref": "flake",
        "type": "git",
        "url": "ssh://git@git.novadiscovery.net:4224/jinko/jinko-shiny.git"
      }
    },
    "unstable": {
      "locked": {
        "lastModified": 1622966049,
        "narHash": "sha256-6g+28v94ISkVk9TBSsITVOnB2slK8plieWPIF2jo/l0=",
        "owner": "nixos",
        "repo": "nixpkgs",
        "rev": "fbfb79400a08bf754e32b4d4fc3f7d8f8055cf94",
        "type": "github"
      },
      "original": {
        "owner": "nixos",
        "ref": "nixos-unstable",
        "repo": "nixpkgs",
        "type": "github"
      }
    }
  },
  "root": "root",
  "version": 7
}
