{
  "nodes": {
    "hm": {
      "inputs": {
        "nixpkgs": "nixpkgs"
      },
      "locked": {
        "lastModified": 1606046962,
        "narHash": "sha256-244JrrVFht/VMRItDcDlrcwejqpqJInDUWA/x6mucW4=",
        "owner": "nix-community",
        "repo": "home-manager",
        "rev": "a3a0f1289acac24ce2ffe0481bf8cabd3a6ccc64",
        "type": "github"
      },
      "original": {
        "owner": "nix-community",
        "repo": "home-manager",
        "type": "github"
      }
    },
    "hm_2": {
      "inputs": {
        "nixpkgs": "nixpkgs_2"
      },
      "locked": {
        "lastModified": 1606046962,
        "narHash": "sha256-244JrrVFht/VMRItDcDlrcwejqpqJInDUWA/x6mucW4=",
        "owner": "nix-community",
        "repo": "home-manager",
        "rev": "a3a0f1289acac24ce2ffe0481bf8cabd3a6ccc64",
        "type": "github"
      },
      "original": {
        "owner": "nix-community",
        "repo": "home-manager",
        "type": "github"
      }
    },
    "nixpkgs": {
      "locked": {
        "lastModified": 1606211443,
        "narHash": "sha256-gJRRwjMgjsYq/4IXMw7PXORVrbGFCo26qXo5NzuDPqY=",
        "ref": "nixos-unstable",
        "rev": "46b85f2e2e44c24d8edeff81fe5a4f39f1f59658",
        "revCount": 253652,
        "type": "git",
        "url": "file:///home/teto/nixpkgs"
      },
      "original": {
        "id": "nixpkgs",
        "type": "indirect"
      }
    },
    "nixpkgs-teto": {
      "locked": {
        "lastModified": 1606211443,
        "narHash": "sha256-gJRRwjMgjsYq/4IXMw7PXORVrbGFCo26qXo5NzuDPqY=",
        "owner": "teto",
        "repo": "nixpkgs",
        "rev": "46b85f2e2e44c24d8edeff81fe5a4f39f1f59658",
        "type": "github"
      },
      "original": {
        "owner": "teto",
        "ref": "nixos-unstable",
        "repo": "nixpkgs",
        "type": "github"
      }
    },
    "nixpkgs_2": {
      "locked": {
        "lastModified": 1606155510,
        "narHash": "sha256-0Dv/r14IIoR2Z3nEUmBIinSv9dbsft5d6weBStLE6JU=",
        "owner": "NixOS",
        "repo": "nixpkgs",
        "rev": "8c24e6eb99063e231aa7d88417f6db2a0f98eaf1",
        "type": "github"
      },
      "original": {
        "id": "nixpkgs",
        "type": "indirect"
      }
    },
    "nixpkgs_3": {
      "locked": {
        "lastModified": 1606211443,
        "narHash": "sha256-gJRRwjMgjsYq/4IXMw7PXORVrbGFCo26qXo5NzuDPqY=",
        "ref": "nixos-unstable",
        "rev": "46b85f2e2e44c24d8edeff81fe5a4f39f1f59658",
        "revCount": 253652,
        "type": "git",
        "url": "file:///home/teto/nixpkgs"
      },
      "original": {
        "id": "nixpkgs",
        "type": "indirect"
      }
    },
    "nova": {
      "inputs": {
        "hm": "hm_2",
        "nur": "nur",
        "unstable": "unstable"
      },
      "locked": {
        "narHash": "sha256-48wGGugdKVuak0u1Pfkzh6wXhibgIVMbanWy6hMSt6E=",
        "path": "/home/teto/nova/nova-nix",
        "type": "path"
      },
      "original": {
        "id": "nova",
        "type": "indirect"
      }
    },
    "nur": {
      "locked": {
        "lastModified": 1606149548,
        "narHash": "sha256-VdVrC37jbw9QKZJ+m/rJ0iGlkXG7Kg6Fu6A9wCysCrU=",
        "owner": "nix-community",
        "repo": "NUR",
        "rev": "cf543be0f2cff1b4cab3a250b130ebb9dee0bd99",
        "type": "github"
      },
      "original": {
        "owner": "nix-community",
        "repo": "NUR",
        "type": "github"
      }
    },
    "nur_2": {
      "locked": {
        "lastModified": 1606255677,
        "narHash": "sha256-eBLTujFKjFl0EDok5buB8hzlwkxJSyBsc/T5aiuUfMo=",
        "owner": "nix-community",
        "repo": "NUR",
        "rev": "b9415efadb509c766935f0546c06b1762a06acd8",
        "type": "github"
      },
      "original": {
        "owner": "nix-community",
        "repo": "NUR",
        "type": "github"
      }
    },
    "poetry": {
      "inputs": {
        "nixpkgs": "nixpkgs_3"
      },
      "locked": {
        "lastModified": 1606255594,
        "narHash": "sha256-5d5/ccfPq2HU6WRLudurvV6QquceqhO5rxKYL6hdNSc=",
        "owner": "nix-community",
        "repo": "poetry2nix",
        "rev": "6fbec0342ccba24a8d02fa25687e267f1e222d7b",
        "type": "github"
      },
      "original": {
        "owner": "nix-community",
        "repo": "poetry2nix",
        "type": "github"
      }
    },
    "root": {
      "inputs": {
        "hm": "hm",
        "nixpkgs-teto": "nixpkgs-teto",
        "nova": "nova",
        "nur": "nur_2",
        "poetry": "poetry",
        "unstable": "unstable_2"
      }
    },
    "unstable": {
      "locked": {
        "lastModified": 1605744920,
        "narHash": "sha256-FGg6wSlUv4A0Mue4snu2VRNZOoJVT2+vLkfJ2HGcFeQ=",
        "owner": "nixos",
        "repo": "nixpkgs",
        "rev": "a322b32e9d74fb476944ff6cfb55833dc69cfaaa",
        "type": "github"
      },
      "original": {
        "owner": "nixos",
        "ref": "nixos-unstable",
        "repo": "nixpkgs",
        "type": "github"
      }
    },
    "unstable_2": {
      "locked": {
        "lastModified": 1605988311,
        "narHash": "sha256-PA+kgq46NApOAJlmBNJHs5DwsIrY+jodM0e4g7VtXyY=",
        "owner": "nixos",
        "repo": "nixpkgs",
        "rev": "2247d824fe07f16325596acc7faa286502faffd1",
        "type": "github"
      },
      "original": {
        "owner": "nixos",
        "ref": "nixos-unstable",
        "repo": "nixpkgs",
        "type": "github"
      }
    }
  },
  "root": "root",
  "version": 7
}
